// !$*UTF8*$!
{
	archiveVersion = 1;
	classes = {
	};
	objectVersion = 63;
	objects = {

/* Begin PBXBuildFile section */
		080AF4E3E4E595A40BF79F6C /* SettingsViewController.swift in Sources */ = {isa = PBXBuildFile; fileRef = 05466C178843CE8A28492558 /* SettingsViewController.swift */; };
		1E891FCD3717CE787A90A7B9 /* Item.swift in Sources */ = {isa = PBXBuildFile; fileRef = 23A3D1CC7C401AB6628CDFE6 /* Item.swift */; };
		32295120CE9AC0FAB4DF7E84 /* ItemCell.swift in Sources */ = {isa = PBXBuildFile; fileRef = A9CD7211E4BAD23BF7909478 /* ItemCell.swift */; };
		42A26C848AA62735707C8AE7 /* AppDelegate.swift in Sources */ = {isa = PBXBuildFile; fileRef = 6DC531F795B7FF1EF0103B1B /* AppDelegate.swift */; };
		599F1FDC8C15F25ADE68A47F /* SceneDelegate.swift in Sources */ = {isa = PBXBuildFile; fileRef = D25F7ED1392C14041BAED56C /* SceneDelegate.swift */; };
		66BEFAD72EAA130B00061D90 /* potoku 2.jpg in Resources */ = {isa = PBXBuildFile; fileRef = 66BEFAD62EAA130B00061D90 /* potoku 2.jpg */; };
		8A359EEE35CECB66EEB6ECC0 /* Meal.swift in Sources */ = {isa = PBXBuildFile; fileRef = 7FC460B72CA16EC877220DDC /* Meal.swift */; };
		A1C73CAAD8CC203289A0CCED /* DetailViewController.swift in Sources */ = {isa = PBXBuildFile; fileRef = 5D10382472C61E22466FA95C /* DetailViewController.swift */; };
		AE4DBE8D0AA296CBAD0A8AFB /* AboutViewController.swift in Sources */ = {isa = PBXBuildFile; fileRef = 37F2FDB9A0DE73D232702CD6 /* AboutViewController.swift */; };
		B2701FC03399A0F341BD0D04 /* ViewController.swift in Sources */ = {isa = PBXBuildFile; fileRef = 9E96CA13214C9D6D2E20FE50 /* ViewController.swift */; };
		B66C4F5FA7C833EB4C43BCBF /* Assets.xcassets in Resources */ = {isa = PBXBuildFile; fileRef = 7F5586CE79F81903D92994C7 /* Assets.xcassets */; };
/* End PBXBuildFile section */

/* Begin PBXFileReference section */
		05466C178843CE8A28492558 /* SettingsViewController.swift */ = {isa = PBXFileReference; lastKnownFileType = sourcecode.swift; path = SettingsViewController.swift; sourceTree = "<group>"; };
		23A3D1CC7C401AB6628CDFE6 /* Item.swift */ = {isa = PBXFileReference; lastKnownFileType = sourcecode.swift; path = Item.swift; sourceTree = "<group>"; };
		37F2FDB9A0DE73D232702CD6 /* AboutViewController.swift */ = {isa = PBXFileReference; lastKnownFileType = sourcecode.swift; path = AboutViewController.swift; sourceTree = "<group>"; };
		5D10382472C61E22466FA95C /* DetailViewController.swift */ = {isa = PBXFileReference; lastKnownFileType = sourcecode.swift; path = DetailViewController.swift; sourceTree = "<group>"; };
		66BEFAD62EAA130B00061D90 /* potoku 2.jpg */ = {isa = PBXFileReference; lastKnownFileType = image.jpeg; path = "potoku 2.jpg"; sourceTree = "<group>"; };
		6DC531F795B7FF1EF0103B1B /* AppDelegate.swift */ = {isa = PBXFileReference; lastKnownFileType = sourcecode.swift; path = AppDelegate.swift; sourceTree = "<group>"; };
		6E1E90F1D1CEF7157B509BE9 /* RestaurantApp.app */ = {isa = PBXFileReference; includeInIndex = 0; lastKnownFileType = wrapper.application; path = RestaurantApp.app; sourceTree = BUILT_PRODUCTS_DIR; };
		7F5586CE79F81903D92994C7 /* Assets.xcassets */ = {isa = PBXFileReference; lastKnownFileType = folder.assetcatalog; path = Assets.xcassets; sourceTree = "<group>"; };
		7FC460B72CA16EC877220DDC /* Meal.swift */ = {isa = PBXFileReference; lastKnownFileType = sourcecode.swift; path = Meal.swift; sourceTree = "<group>"; };
		9E96CA13214C9D6D2E20FE50 /* ViewController.swift */ = {isa = PBXFileReference; lastKnownFileType = sourcecode.swift; path = ViewController.swift; sourceTree = "<group>"; };
		A9CD7211E4BAD23BF7909478 /* ItemCell.swift */ = {isa = PBXFileReference; lastKnownFileType = sourcecode.swift; path = ItemCell.swift; sourceTree = "<group>"; };
		D25F7ED1392C14041BAED56C /* SceneDelegate.swift */ = {isa = PBXFileReference; lastKnownFileType = sourcecode.swift; path = SceneDelegate.swift; sourceTree = "<group>"; };
/* End PBXFileReference section */

/* Begin PBXGroup section */
		27A63618639FD3800383AC1F = {
			isa = PBXGroup;
			children = (
				686DBA1084F1016652A10F1F /* RestaurantApp */,
				5026B074584CEF05381EC89E /* Products */,
			);
			sourceTree = "<group>";
		};
		5026B074584CEF05381EC89E /* Products */ = {
			isa = PBXGroup;
			children = (
				6E1E90F1D1CEF7157B509BE9 /* RestaurantApp.app */,
			);
			name = Products;
			sourceTree = "<group>";
		};
		578D54ACC77BDCB2BA16A097 /* Models */ = {
			isa = PBXGroup;
			children = (
				23A3D1CC7C401AB6628CDFE6 /* Item.swift */,
				7FC460B72CA16EC877220DDC /* Meal.swift */,
			);
			path = Models;
			sourceTree = "<group>";
		};
		686DBA1084F1016652A10F1F /* RestaurantApp */ = {
			isa = PBXGroup;
			children = (
				66BEFAD62EAA130B00061D90 /* potoku 2.jpg */,
				37F2FDB9A0DE73D232702CD6 /* AboutViewController.swift */,
				6DC531F795B7FF1EF0103B1B /* AppDelegate.swift */,
				7F5586CE79F81903D92994C7 /* Assets.xcassets */,
				5D10382472C61E22466FA95C /* DetailViewController.swift */,
				D25F7ED1392C14041BAED56C /* SceneDelegate.swift */,
				05466C178843CE8A28492558 /* SettingsViewController.swift */,
				9E96CA13214C9D6D2E20FE50 /* ViewController.swift */,
				578D54ACC77BDCB2BA16A097 /* Models */,
				EADE5FAFEF97FCF8F33CAE8D /* Views */,
			);
			path = RestaurantApp;
			sourceTree = "<group>";
		};
		EADE5FAFEF97FCF8F33CAE8D /* Views */ = {
			isa = PBXGroup;
			children = (
				A9CD7211E4BAD23BF7909478 /* ItemCell.swift */,
			);
			path = Views;
			sourceTree = "<group>";
		};
/* End PBXGroup section */

/* Begin PBXNativeTarget section */
		7574A76D1F506841D13BB151 /* RestaurantApp */ = {
			isa = PBXNativeTarget;
			buildConfigurationList = 47DF5B9A4C09695487FF609E /* Build configuration list for PBXNativeTarget "RestaurantApp" */;
			buildPhases = (
				2C4D1DE81AF671FDB3335E6A /* Sources */,
				7C905C86AC61E07D65EFCFB4 /* Resources */,
			);
			buildRules = (
			);
			dependencies = (
			);
			name = RestaurantApp;
			packageProductDependencies = (
			);
			productName = RestaurantApp;
			productReference = 6E1E90F1D1CEF7157B509BE9 /* RestaurantApp.app */;
			productType = "com.apple.product-type.application";
		};
/* End PBXNativeTarget section */

/* Begin PBXProject section */
		9A2F960138829B1B80A44911 /* Project object */ = {
			isa = PBXProject;
			attributes = {
				BuildIndependentTargetsInParallel = YES;
				LastUpgradeCheck = 1430;
				TargetAttributes = {
					7574A76D1F506841D13BB151 = {
						LastSwiftMigration = 1500;
					};
				};
			};
			buildConfigurationList = 4C8B9109D309E131E8D76ADD /* Build configuration list for PBXProject "RestaurantApp" */;
			compatibilityVersion = "Xcode 14.0";
			developmentRegion = en;
			hasScannedForEncodings = 0;
			knownRegions = (
				Base,
				en,
			);
			mainGroup = 27A63618639FD3800383AC1F;
			minimizedProjectReferenceProxies = 1;
			projectDirPath = "";
			projectRoot = "";
			targets = (
				7574A76D1F506841D13BB151 /* RestaurantApp */,
			);
		};
/* End PBXProject section */

/* Begin PBXResourcesBuildPhase section */
		7C905C86AC61E07D65EFCFB4 /* Resources */ = {
			isa = PBXResourcesBuildPhase;
			buildActionMask = 2147483647;
			files = (
				B66C4F5FA7C833EB4C43BCBF /* Assets.xcassets in Resources */,
				66BEFAD72EAA130B00061D90 /* potoku 2.jpg in Resources */,
			);
			runOnlyForDeploymentPostprocessing = 0;
		};
/* End PBXResourcesBuildPhase section */

/* Begin PBXSourcesBuildPhase section */
		2C4D1DE81AF671FDB3335E6A /* Sources */ = {
			isa = PBXSourcesBuildPhase;
			buildActionMask = 2147483647;
			files = (
				AE4DBE8D0AA296CBAD0A8AFB /* AboutViewController.swift in Sources */,
				42A26C848AA62735707C8AE7 /* AppDelegate.swift in Sources */,
				A1C73CAAD8CC203289A0CCED /* DetailViewController.swift in Sources */,
				1E891FCD3717CE787A90A7B9 /* Item.swift in Sources */,
				32295120CE9AC0FAB4DF7E84 /* ItemCell.swift in Sources */,
				8A359EEE35CECB66EEB6ECC0 /* Meal.swift in Sources */,
				599F1FDC8C15F25ADE68A47F /* SceneDelegate.swift in Sources */,
				080AF4E3E4E595A40BF79F6C /* SettingsViewController.swift in Sources */,
				B2701FC03399A0F341BD0D04 /* ViewController.swift in Sources */,
			);
			runOnlyForDeploymentPostprocessing = 0;
		};
/* End PBXSourcesBuildPhase section */

/* Begin XCBuildConfiguration section */
		1AD83E38B31BDA30CD5570C7 /* Release */ = {
			isa = XCBuildConfiguration;
			buildSettings = {
				ASSETCATALOG_COMPILER_APPICON_NAME = "";
				CODE_SIGN_IDENTITY = "iPhone Developer";
				INFOPLIST_FILE = Info.plist;
				IPHONEOS_DEPLOYMENT_TARGET = 15.0;
				LD_RUNPATH_SEARCH_PATHS = (
					"$(inherited)",
					"@executable_path/Frameworks",
				);
				PRODUCT_BUNDLE_IDENTIFIER = com.example.RestaurantApp;
				SDKROOT = iphoneos;
				TARGETED_DEVICE_FAMILY = "1,2";
			};
			name = Release;
		};
		2F81F45A2454EF07D042A16E /* Debug */ = {
			isa = XCBuildConfiguration;
			buildSettings = {
				ASSETCATALOG_COMPILER_APPICON_NAME = "";
				CODE_SIGN_IDENTITY = "iPhone Developer";
				INFOPLIST_FILE = Info.plist;
				IPHONEOS_DEPLOYMENT_TARGET = 15.0;
				LD_RUNPATH_SEARCH_PATHS = (
					"$(inherited)",
					"@executable_path/Frameworks",
				);
				PRODUCT_BUNDLE_IDENTIFIER = com.example.RestaurantApp;
				SDKROOT = iphoneos;
				TARGETED_DEVICE_FAMILY = "1,2";
			};
			name = Debug;
		};
		4AD8DCC3381FD5F8390561E5 /* Debug */ = {
			isa = XCBuildConfiguration;
			buildSettings = {
				ALWAYS_SEARCH_USER_PATHS = NO;
				CLANG_ANALYZER_NONNULL = YES;
				CLANG_ANALYZER_NUMBER_OBJECT_CONVERSION = YES_AGGRESSIVE;
				CLANG_CXX_LANGUAGE_STANDARD = "gnu++14";
				CLANG_CXX_LIBRARY = "libc++";
				CLANG_ENABLE_MODULES = YES;
				CLANG_ENABLE_OBJC_ARC = YES;
				CLANG_ENABLE_OBJC_WEAK = YES;
				CLANG_WARN_BLOCK_CAPTURE_AUTORELEASING = YES;
				CLANG_WARN_BOOL_CONVERSION = YES;
				CLANG_WARN_COMMA = YES;
				CLANG_WARN_CONSTANT_CONVERSION = YES;
				CLANG_WARN_DEPRECATED_OBJC_IMPLEMENTATIONS = YES;
				CLANG_WARN_DIRECT_OBJC_ISA_USAGE = YES_ERROR;
				CLANG_WARN_DOCUMENTATION_COMMENTS = YES;
				CLANG_WARN_EMPTY_BODY = YES;
				CLANG_WARN_ENUM_CONVERSION = YES;
				CLANG_WARN_INFINITE_RECURSION = YES;
				CLANG_WARN_INT_CONVERSION = YES;
				CLANG_WARN_NON_LITERAL_NULL_CONVERSION = YES;
				CLANG_WARN_OBJC_IMPLICIT_RETAIN_SELF = YES;
				CLANG_WARN_OBJC_LITERAL_CONVERSION = YES;
				CLANG_WARN_OBJC_ROOT_CLASS = YES_ERROR;
				CLANG_WARN_QUOTED_INCLUDE_IN_FRAMEWORK_HEADER = YES;
				CLANG_WARN_RANGE_LOOP_ANALYSIS = YES;
				CLANG_WARN_STRICT_PROTOTYPES = YES;
				CLANG_WARN_SUSPICIOUS_MOVE = YES;
				CLANG_WARN_UNGUARDED_AVAILABILITY = YES_AGGRESSIVE;
				CLANG_WARN_UNREACHABLE_CODE = YES;
				CLANG_WARN__DUPLICATE_METHOD_MATCH = YES;
				COPY_PHASE_STRIP = NO;
				DEBUG_INFORMATION_FORMAT = dwarf;
				ENABLE_STRICT_OBJC_MSGSEND = YES;
				ENABLE_TESTABILITY = YES;
				GCC_C_LANGUAGE_STANDARD = gnu11;
				GCC_DYNAMIC_NO_PIC = NO;
				GCC_NO_COMMON_BLOCKS = YES;
				GCC_OPTIMIZATION_LEVEL = 0;
				GCC_PREPROCESSOR_DEFINITIONS = (
					"$(inherited)",
					"DEBUG=1",
				);
				GCC_WARN_64_TO_32_BIT_CONVERSION = YES;
				GCC_WARN_ABOUT_RETURN_TYPE = YES_ERROR;
				GCC_WARN_UNDECLARED_SELECTOR = YES;
				GCC_WARN_UNINITIALIZED_AUTOS = YES_AGGRESSIVE;
				GCC_WARN_UNUSED_FUNCTION = YES;
				GCC_WARN_UNUSED_VARIABLE = YES;
				MTL_ENABLE_DEBUG_INFO = INCLUDE_SOURCE;
				MTL_FAST_MATH = YES;
				ONLY_ACTIVE_ARCH = YES;
				PRODUCT_NAME = "$(TARGET_NAME)";
				SDKROOT = iphoneos;
				SWIFT_ACTIVE_COMPILATION_CONDITIONS = DEBUG;
				SWIFT_OPTIMIZATION_LEVEL = "-Onone";
				SWIFT_VERSION = 5.0;
			};
			name = Debug;
		};
		BCAAB47A792F0814F2D3C5D0 /* Release */ = {
			isa = XCBuildConfiguration;
			buildSettings = {
				ALWAYS_SEARCH_USER_PATHS = NO;
				CLANG_ANALYZER_NONNULL = YES;
				CLANG_ANALYZER_NUMBER_OBJECT_CONVERSION = YES_AGGRESSIVE;
				CLANG_CXX_LANGUAGE_STANDARD = "gnu++14";
				CLANG_CXX_LIBRARY = "libc++";
				CLANG_ENABLE_MODULES = YES;
				CLANG_ENABLE_OBJC_ARC = YES;
				CLANG_ENABLE_OBJC_WEAK = YES;
				CLANG_WARN_BLOCK_CAPTURE_AUTORELEASING = YES;
				CLANG_WARN_BOOL_CONVERSION = YES;
				CLANG_WARN_COMMA = YES;
				CLANG_WARN_CONSTANT_CONVERSION = YES;
				CLANG_WARN_DEPRECATED_OBJC_IMPLEMENTATIONS = YES;
				CLANG_WARN_DIRECT_OBJC_ISA_USAGE = YES_ERROR;
				CLANG_WARN_DOCUMENTATION_COMMENTS = YES;
				CLANG_WARN_EMPTY_BODY = YES;
				CLANG_WARN_ENUM_CONVERSION = YES;
				CLANG_WARN_INFINITE_RECURSION = YES;
				CLANG_WARN_INT_CONVERSION = YES;
				CLANG_WARN_NON_LITERAL_NULL_CONVERSION = YES;
				CLANG_WARN_OBJC_IMPLICIT_RETAIN_SELF = YES;
				CLANG_WARN_OBJC_LITERAL_CONVERSION = YES;
				CLANG_WARN_OBJC_ROOT_CLASS = YES_ERROR;
				CLANG_WARN_QUOTED_INCLUDE_IN_FRAMEWORK_HEADER = YES;
				CLANG_WARN_RANGE_LOOP_ANALYSIS = YES;
				CLANG_WARN_STRICT_PROTOTYPES = YES;
				CLANG_WARN_SUSPICIOUS_MOVE = YES;
				CLANG_WARN_UNGUARDED_AVAILABILITY = YES_AGGRESSIVE;
				CLANG_WARN_UNREACHABLE_CODE = YES;
				CLANG_WARN__DUPLICATE_METHOD_MATCH = YES;
				COPY_PHASE_STRIP = NO;
				DEBUG_INFORMATION_FORMAT = "dwarf-with-dsym";
				ENABLE_NS_ASSERTIONS = NO;
				ENABLE_STRICT_OBJC_MSGSEND = YES;
				GCC_C_LANGUAGE_STANDARD = gnu11;
				GCC_NO_COMMON_BLOCKS = YES;
				GCC_WARN_64_TO_32_BIT_CONVERSION = YES;
				GCC_WARN_ABOUT_RETURN_TYPE = YES_ERROR;
				GCC_WARN_UNDECLARED_SELECTOR = YES;
				GCC_WARN_UNINITIALIZED_AUTOS = YES_AGGRESSIVE;
				GCC_WARN_UNUSED_FUNCTION = YES;
				GCC_WARN_UNUSED_VARIABLE = YES;
				MTL_ENABLE_DEBUG_INFO = NO;
				MTL_FAST_MATH = YES;
				PRODUCT_NAME = "$(TARGET_NAME)";
				SDKROOT = iphoneos;
				SWIFT_COMPILATION_MODE = wholemodule;
				SWIFT_OPTIMIZATION_LEVEL = "-O";
				SWIFT_VERSION = 5.0;
			};
			name = Release;
		};
/* End XCBuildConfiguration section */

/* Begin XCConfigurationList section */
		47DF5B9A4C09695487FF609E /* Build configuration list for PBXNativeTarget "RestaurantApp" */ = {
			isa = XCConfigurationList;
			buildConfigurations = (
				2F81F45A2454EF07D042A16E /* Debug */,
				1AD83E38B31BDA30CD5570C7 /* Release */,
			);
			defaultConfigurationIsVisible = 0;
			defaultConfigurationName = Debug;
		};
		4C8B9109D309E131E8D76ADD /* Build configuration list for PBXProject "RestaurantApp" */ = {
			isa = XCConfigurationList;
			buildConfigurations = (
				4AD8DCC3381FD5F8390561E5 /* Debug */,
				BCAAB47A792F0814F2D3C5D0 /* Release */,
			);
			defaultConfigurationIsVisible = 0;
			defaultConfigurationName = Debug;
		};
/* End XCConfigurationList section */
	};
	rootObject = 9A2F960138829B1B80A44911 /* Project object */;
}
